// !$*UTF8*$!
{
	archiveVersion = 1;
	classes = {
	};
	objectVersion = 50;
	objects = {

/* Begin PBXBuildFile section */
		C9C5F2AF270176C300E0EC30 /* StringAlgorithms.swift in Sources */ = {isa = PBXBuildFile; fileRef = C9C5F2AE270176C300E0EC30 /* StringAlgorithms.swift */; };
		C9DA133C26F0AC8100D29CD9 /* AppDelegate.swift in Sources */ = {isa = PBXBuildFile; fileRef = C9DA133B26F0AC8100D29CD9 /* AppDelegate.swift */; };
		C9DA133E26F0AC8100D29CD9 /* SceneDelegate.swift in Sources */ = {isa = PBXBuildFile; fileRef = C9DA133D26F0AC8100D29CD9 /* SceneDelegate.swift */; };
		C9DA134026F0AC8100D29CD9 /* ViewController.swift in Sources */ = {isa = PBXBuildFile; fileRef = C9DA133F26F0AC8100D29CD9 /* ViewController.swift */; };
		C9DA134326F0AC8100D29CD9 /* Main.storyboard in Resources */ = {isa = PBXBuildFile; fileRef = C9DA134126F0AC8100D29CD9 /* Main.storyboard */; };
		C9DA134526F0AC8400D29CD9 /* Assets.xcassets in Resources */ = {isa = PBXBuildFile; fileRef = C9DA134426F0AC8400D29CD9 /* Assets.xcassets */; };
		C9DA134826F0AC8400D29CD9 /* LaunchScreen.storyboard in Resources */ = {isa = PBXBuildFile; fileRef = C9DA134626F0AC8400D29CD9 /* LaunchScreen.storyboard */; };
		C9DA135326F0AC8400D29CD9 /* AlgorithmsTests.swift in Sources */ = {isa = PBXBuildFile; fileRef = C9DA135226F0AC8400D29CD9 /* AlgorithmsTests.swift */; };
		C9DA135E26F0AC8400D29CD9 /* AlgorithmsUITests.swift in Sources */ = {isa = PBXBuildFile; fileRef = C9DA135D26F0AC8400D29CD9 /* AlgorithmsUITests.swift */; };
/* End PBXBuildFile section */

/* Begin PBXContainerItemProxy section */
		C9DA134F26F0AC8400D29CD9 /* PBXContainerItemProxy */ = {
			isa = PBXContainerItemProxy;
			containerPortal = C9DA133026F0AC8100D29CD9 /* Project object */;
			proxyType = 1;
			remoteGlobalIDString = C9DA133726F0AC8100D29CD9;
			remoteInfo = Algorithms;
		};
		C9DA135A26F0AC8400D29CD9 /* PBXContainerItemProxy */ = {
			isa = PBXContainerItemProxy;
			containerPortal = C9DA133026F0AC8100D29CD9 /* Project object */;
			proxyType = 1;
			remoteGlobalIDString = C9DA133726F0AC8100D29CD9;
			remoteInfo = Algorithms;
		};
/* End PBXContainerItemProxy section */

/* Begin PBXFileReference section */
		C9C5F2AE270176C300E0EC30 /* StringAlgorithms.swift */ = {isa = PBXFileReference; lastKnownFileType = sourcecode.swift; path = StringAlgorithms.swift; sourceTree = "<group>"; };
		C9DA133826F0AC8100D29CD9 /* Algorithms.app */ = {isa = PBXFileReference; explicitFileType = wrapper.application; includeInIndex = 0; path = Algorithms.app; sourceTree = BUILT_PRODUCTS_DIR; };
		C9DA133B26F0AC8100D29CD9 /* AppDelegate.swift */ = {isa = PBXFileReference; lastKnownFileType = sourcecode.swift; path = AppDelegate.swift; sourceTree = "<group>"; };
		C9DA133D26F0AC8100D29CD9 /* SceneDelegate.swift */ = {isa = PBXFileReference; lastKnownFileType = sourcecode.swift; path = SceneDelegate.swift; sourceTree = "<group>"; };
		C9DA133F26F0AC8100D29CD9 /* ViewController.swift */ = {isa = PBXFileReference; lastKnownFileType = sourcecode.swift; path = ViewController.swift; sourceTree = "<group>"; };
		C9DA134226F0AC8100D29CD9 /* Base */ = {isa = PBXFileReference; lastKnownFileType = file.storyboard; name = Base; path = Base.lproj/Main.storyboard; sourceTree = "<group>"; };
		C9DA134426F0AC8400D29CD9 /* Assets.xcassets */ = {isa = PBXFileReference; lastKnownFileType = folder.assetcatalog; path = Assets.xcassets; sourceTree = "<group>"; };
		C9DA134726F0AC8400D29CD9 /* Base */ = {isa = PBXFileReference; lastKnownFileType = file.storyboard; name = Base; path = Base.lproj/LaunchScreen.storyboard; sourceTree = "<group>"; };
		C9DA134926F0AC8400D29CD9 /* Info.plist */ = {isa = PBXFileReference; lastKnownFileType = text.plist.xml; path = Info.plist; sourceTree = "<group>"; };
		C9DA134E26F0AC8400D29CD9 /* AlgorithmsTests.xctest */ = {isa = PBXFileReference; explicitFileType = wrapper.cfbundle; includeInIndex = 0; path = AlgorithmsTests.xctest; sourceTree = BUILT_PRODUCTS_DIR; };
		C9DA135226F0AC8400D29CD9 /* AlgorithmsTests.swift */ = {isa = PBXFileReference; lastKnownFileType = sourcecode.swift; path = AlgorithmsTests.swift; sourceTree = "<group>"; };
		C9DA135426F0AC8400D29CD9 /* Info.plist */ = {isa = PBXFileReference; lastKnownFileType = text.plist.xml; path = Info.plist; sourceTree = "<group>"; };
		C9DA135926F0AC8400D29CD9 /* AlgorithmsUITests.xctest */ = {isa = PBXFileReference; explicitFileType = wrapper.cfbundle; includeInIndex = 0; path = AlgorithmsUITests.xctest; sourceTree = BUILT_PRODUCTS_DIR; };
		C9DA135D26F0AC8400D29CD9 /* AlgorithmsUITests.swift */ = {isa = PBXFileReference; lastKnownFileType = sourcecode.swift; path = AlgorithmsUITests.swift; sourceTree = "<group>"; };
		C9DA135F26F0AC8400D29CD9 /* Info.plist */ = {isa = PBXFileReference; lastKnownFileType = text.plist.xml; path = Info.plist; sourceTree = "<group>"; };
/* End PBXFileReference section */

/* Begin PBXFrameworksBuildPhase section */
		C9DA133526F0AC8100D29CD9 /* Frameworks */ = {
			isa = PBXFrameworksBuildPhase;
			buildActionMask = 2147483647;
			files = (
			);
			runOnlyForDeploymentPostprocessing = 0;
		};
		C9DA134B26F0AC8400D29CD9 /* Frameworks */ = {
			isa = PBXFrameworksBuildPhase;
			buildActionMask = 2147483647;
			files = (
			);
			runOnlyForDeploymentPostprocessing = 0;
		};
		C9DA135626F0AC8400D29CD9 /* Frameworks */ = {
			isa = PBXFrameworksBuildPhase;
			buildActionMask = 2147483647;
			files = (
			);
			runOnlyForDeploymentPostprocessing = 0;
		};
/* End PBXFrameworksBuildPhase section */

/* Begin PBXGroup section */
		C9DA132F26F0AC8100D29CD9 = {
			isa = PBXGroup;
			children = (
				C9DA133A26F0AC8100D29CD9 /* Algorithms */,
				C9DA135126F0AC8400D29CD9 /* AlgorithmsTests */,
				C9DA135C26F0AC8400D29CD9 /* AlgorithmsUITests */,
				C9DA133926F0AC8100D29CD9 /* Products */,
			);
			sourceTree = "<group>";
		};
		C9DA133926F0AC8100D29CD9 /* Products */ = {
			isa = PBXGroup;
			children = (
				C9DA133826F0AC8100D29CD9 /* Algorithms.app */,
				C9DA134E26F0AC8400D29CD9 /* AlgorithmsTests.xctest */,
				C9DA135926F0AC8400D29CD9 /* AlgorithmsUITests.xctest */,
			);
			name = Products;
			sourceTree = "<group>";
		};
		C9DA133A26F0AC8100D29CD9 /* Algorithms */ = {
			isa = PBXGroup;
			children = (
				C9DA133B26F0AC8100D29CD9 /* AppDelegate.swift */,
				C9DA133D26F0AC8100D29CD9 /* SceneDelegate.swift */,
				C9DA133F26F0AC8100D29CD9 /* ViewController.swift */,
				C9C5F2AE270176C300E0EC30 /* StringAlgorithms.swift */,
				C9DA134126F0AC8100D29CD9 /* Main.storyboard */,
				C9DA134426F0AC8400D29CD9 /* Assets.xcassets */,
				C9DA134626F0AC8400D29CD9 /* LaunchScreen.storyboard */,
				C9DA134926F0AC8400D29CD9 /* Info.plist */,
			);
			path = Algorithms;
			sourceTree = "<group>";
		};
		C9DA135126F0AC8400D29CD9 /* AlgorithmsTests */ = {
			isa = PBXGroup;
			children = (
				C9DA135226F0AC8400D29CD9 /* AlgorithmsTests.swift */,
				C9DA135426F0AC8400D29CD9 /* Info.plist */,
			);
			path = AlgorithmsTests;
			sourceTree = "<group>";
		};
		C9DA135C26F0AC8400D29CD9 /* AlgorithmsUITests */ = {
			isa = PBXGroup;
			children = (
				C9DA135D26F0AC8400D29CD9 /* AlgorithmsUITests.swift */,
				C9DA135F26F0AC8400D29CD9 /* Info.plist */,
			);
			path = AlgorithmsUITests;
			sourceTree = "<group>";
		};
/* End PBXGroup section */

/* Begin PBXNativeTarget section */
		C9DA133726F0AC8100D29CD9 /* Algorithms */ = {
			isa = PBXNativeTarget;
			buildConfigurationList = C9DA136226F0AC8400D29CD9 /* Build configuration list for PBXNativeTarget "Algorithms" */;
			buildPhases = (
				C9DA133426F0AC8100D29CD9 /* Sources */,
				C9DA133526F0AC8100D29CD9 /* Frameworks */,
				C9DA133626F0AC8100D29CD9 /* Resources */,
			);
			buildRules = (
			);
			dependencies = (
			);
			name = Algorithms;
			productName = Algorithms;
			productReference = C9DA133826F0AC8100D29CD9 /* Algorithms.app */;
			productType = "com.apple.product-type.application";
		};
		C9DA134D26F0AC8400D29CD9 /* AlgorithmsTests */ = {
			isa = PBXNativeTarget;
			buildConfigurationList = C9DA136526F0AC8400D29CD9 /* Build configuration list for PBXNativeTarget "AlgorithmsTests" */;
			buildPhases = (
				C9DA134A26F0AC8400D29CD9 /* Sources */,
				C9DA134B26F0AC8400D29CD9 /* Frameworks */,
				C9DA134C26F0AC8400D29CD9 /* Resources */,
			);
			buildRules = (
			);
			dependencies = (
				C9DA135026F0AC8400D29CD9 /* PBXTargetDependency */,
			);
			name = AlgorithmsTests;
			productName = AlgorithmsTests;
			productReference = C9DA134E26F0AC8400D29CD9 /* AlgorithmsTests.xctest */;
			productType = "com.apple.product-type.bundle.unit-test";
		};
		C9DA135826F0AC8400D29CD9 /* AlgorithmsUITests */ = {
			isa = PBXNativeTarget;
			buildConfigurationList = C9DA136826F0AC8400D29CD9 /* Build configuration list for PBXNativeTarget "AlgorithmsUITests" */;
			buildPhases = (
				C9DA135526F0AC8400D29CD9 /* Sources */,
				C9DA135626F0AC8400D29CD9 /* Frameworks */,
				C9DA135726F0AC8400D29CD9 /* Resources */,
			);
			buildRules = (
			);
			dependencies = (
				C9DA135B26F0AC8400D29CD9 /* PBXTargetDependency */,
			);
			name = AlgorithmsUITests;
			productName = AlgorithmsUITests;
			productReference = C9DA135926F0AC8400D29CD9 /* AlgorithmsUITests.xctest */;
			productType = "com.apple.product-type.bundle.ui-testing";
		};
/* End PBXNativeTarget section */

/* Begin PBXProject section */
		C9DA133026F0AC8100D29CD9 /* Project object */ = {
			isa = PBXProject;
			attributes = {
				LastSwiftUpdateCheck = 1250;
				LastUpgradeCheck = 1250;
				TargetAttributes = {
					C9DA133726F0AC8100D29CD9 = {
						CreatedOnToolsVersion = 12.5.1;
					};
					C9DA134D26F0AC8400D29CD9 = {
						CreatedOnToolsVersion = 12.5.1;
						TestTargetID = C9DA133726F0AC8100D29CD9;
					};
					C9DA135826F0AC8400D29CD9 = {
						CreatedOnToolsVersion = 12.5.1;
						TestTargetID = C9DA133726F0AC8100D29CD9;
					};
				};
			};
			buildConfigurationList = C9DA133326F0AC8100D29CD9 /* Build configuration list for PBXProject "Algorithms" */;
			compatibilityVersion = "Xcode 9.3";
			developmentRegion = en;
			hasScannedForEncodings = 0;
			knownRegions = (
				en,
				Base,
			);
			mainGroup = C9DA132F26F0AC8100D29CD9;
			productRefGroup = C9DA133926F0AC8100D29CD9 /* Products */;
			projectDirPath = "";
			projectRoot = "";
			targets = (
				C9DA133726F0AC8100D29CD9 /* Algorithms */,
				C9DA134D26F0AC8400D29CD9 /* AlgorithmsTests */,
				C9DA135826F0AC8400D29CD9 /* AlgorithmsUITests */,
			);
		};
/* End PBXProject section */

/* Begin PBXResourcesBuildPhase section */
		C9DA133626F0AC8100D29CD9 /* Resources */ = {
			isa = PBXResourcesBuildPhase;
			buildActionMask = 2147483647;
			files = (
				C9DA134826F0AC8400D29CD9 /* LaunchScreen.storyboard in Resources */,
				C9DA134526F0AC8400D29CD9 /* Assets.xcassets in Resources */,
				C9DA134326F0AC8100D29CD9 /* Main.storyboard in Resources */,
			);
			runOnlyForDeploymentPostprocessing = 0;
		};
		C9DA134C26F0AC8400D29CD9 /* Resources */ = {
			isa = PBXResourcesBuildPhase;
			buildActionMask = 2147483647;
			files = (
			);
			runOnlyForDeploymentPostprocessing = 0;
		};
		C9DA135726F0AC8400D29CD9 /* Resources */ = {
			isa = PBXResourcesBuildPhase;
			buildActionMask = 2147483647;
			files = (
			);
			runOnlyForDeploymentPostprocessing = 0;
		};
/* End PBXResourcesBuildPhase section */

/* Begin PBXSourcesBuildPhase section */
		C9DA133426F0AC8100D29CD9 /* Sources */ = {
			isa = PBXSourcesBuildPhase;
			buildActionMask = 2147483647;
			files = (
				C9DA134026F0AC8100D29CD9 /* ViewController.swift in Sources */,
				C9DA133C26F0AC8100D29CD9 /* AppDelegate.swift in Sources */,
				C9C5F2AF270176C300E0EC30 /* StringAlgorithms.swift in Sources */,
				C9DA133E26F0AC8100D29CD9 /* SceneDelegate.swift in Sources */,
			);
			runOnlyForDeploymentPostprocessing = 0;
		};
		C9DA134A26F0AC8400D29CD9 /* Sources */ = {
			isa = PBXSourcesBuildPhase;
			buildActionMask = 2147483647;
			files = (
				C9DA135326F0AC8400D29CD9 /* AlgorithmsTests.swift in Sources */,
			);
			runOnlyForDeploymentPostprocessing = 0;
		};
		C9DA135526F0AC8400D29CD9 /* Sources */ = {
			isa = PBXSourcesBuildPhase;
			buildActionMask = 2147483647;
			files = (
				C9DA135E26F0AC8400D29CD9 /* AlgorithmsUITests.swift in Sources */,
			);
			runOnlyForDeploymentPostprocessing = 0;
		};
/* End PBXSourcesBuildPhase section */

/* Begin PBXTargetDependency section */
		C9DA135026F0AC8400D29CD9 /* PBXTargetDependency */ = {
			isa = PBXTargetDependency;
			target = C9DA133726F0AC8100D29CD9 /* Algorithms */;
			targetProxy = C9DA134F26F0AC8400D29CD9 /* PBXContainerItemProxy */;
		};
		C9DA135B26F0AC8400D29CD9 /* PBXTargetDependency */ = {
			isa = PBXTargetDependency;
			target = C9DA133726F0AC8100D29CD9 /* Algorithms */;
			targetProxy = C9DA135A26F0AC8400D29CD9 /* PBXContainerItemProxy */;
		};
/* End PBXTargetDependency section */

/* Begin PBXVariantGroup section */
		C9DA134126F0AC8100D29CD9 /* Main.storyboard */ = {
			isa = PBXVariantGroup;
			children = (
				C9DA134226F0AC8100D29CD9 /* Base */,
			);
			name = Main.storyboard;
			sourceTree = "<group>";
		};
		C9DA134626F0AC8400D29CD9 /* LaunchScreen.storyboard */ = {
			isa = PBXVariantGroup;
			children = (
				C9DA134726F0AC8400D29CD9 /* Base */,
			);
			name = LaunchScreen.storyboard;
			sourceTree = "<group>";
		};
/* End PBXVariantGroup section */

/* Begin XCBuildConfiguration section */
		C9DA136026F0AC8400D29CD9 /* Debug */ = {
			isa = XCBuildConfiguration;
			buildSettings = {
				ALWAYS_SEARCH_USER_PATHS = NO;
				CLANG_ANALYZER_NONNULL = YES;
				CLANG_ANALYZER_NUMBER_OBJECT_CONVERSION = YES_AGGRESSIVE;
				CLANG_CXX_LANGUAGE_STANDARD = "gnu++14";
				CLANG_CXX_LIBRARY = "libc++";
				CLANG_ENABLE_MODULES = YES;
				CLANG_ENABLE_OBJC_ARC = YES;
				CLANG_ENABLE_OBJC_WEAK = YES;
				CLANG_WARN_BLOCK_CAPTURE_AUTORELEASING = YES;
				CLANG_WARN_BOOL_CONVERSION = YES;
				CLANG_WARN_COMMA = YES;
				CLANG_WARN_CONSTANT_CONVERSION = YES;
				CLANG_WARN_DEPRECATED_OBJC_IMPLEMENTATIONS = YES;
				CLANG_WARN_DIRECT_OBJC_ISA_USAGE = YES_ERROR;
				CLANG_WARN_DOCUMENTATION_COMMENTS = YES;
				CLANG_WARN_EMPTY_BODY = YES;
				CLANG_WARN_ENUM_CONVERSION = YES;
				CLANG_WARN_INFINITE_RECURSION = YES;
				CLANG_WARN_INT_CONVERSION = YES;
				CLANG_WARN_NON_LITERAL_NULL_CONVERSION = YES;
				CLANG_WARN_OBJC_IMPLICIT_RETAIN_SELF = YES;
				CLANG_WARN_OBJC_LITERAL_CONVERSION = YES;
				CLANG_WARN_OBJC_ROOT_CLASS = YES_ERROR;
				CLANG_WARN_QUOTED_INCLUDE_IN_FRAMEWORK_HEADER = YES;
				CLANG_WARN_RANGE_LOOP_ANALYSIS = YES;
				CLANG_WARN_STRICT_PROTOTYPES = YES;
				CLANG_WARN_SUSPICIOUS_MOVE = YES;
				CLANG_WARN_UNGUARDED_AVAILABILITY = YES_AGGRESSIVE;
				CLANG_WARN_UNREACHABLE_CODE = YES;
				CLANG_WARN__DUPLICATE_METHOD_MATCH = YES;
				COPY_PHASE_STRIP = NO;
				DEBUG_INFORMATION_FORMAT = dwarf;
				ENABLE_STRICT_OBJC_MSGSEND = YES;
				ENABLE_TESTABILITY = YES;
				GCC_C_LANGUAGE_STANDARD = gnu11;
				GCC_DYNAMIC_NO_PIC = NO;
				GCC_NO_COMMON_BLOCKS = YES;
				GCC_OPTIMIZATION_LEVEL = 0;
				GCC_PREPROCESSOR_DEFINITIONS = (
					"DEBUG=1",
					"$(inherited)",
				);
				GCC_WARN_64_TO_32_BIT_CONVERSION = YES;
				GCC_WARN_ABOUT_RETURN_TYPE = YES_ERROR;
				GCC_WARN_UNDECLARED_SELECTOR = YES;
				GCC_WARN_UNINITIALIZED_AUTOS = YES_AGGRESSIVE;
				GCC_WARN_UNUSED_FUNCTION = YES;
				GCC_WARN_UNUSED_VARIABLE = YES;
				IPHONEOS_DEPLOYMENT_TARGET = 14.5;
				MTL_ENABLE_DEBUG_INFO = INCLUDE_SOURCE;
				MTL_FAST_MATH = YES;
				ONLY_ACTIVE_ARCH = YES;
				SDKROOT = iphoneos;
				SWIFT_ACTIVE_COMPILATION_CONDITIONS = DEBUG;
				SWIFT_OPTIMIZATION_LEVEL = "-Onone";
			};
			name = Debug;
		};
		C9DA136126F0AC8400D29CD9 /* Release */ = {
			isa = XCBuildConfiguration;
			buildSettings = {
				ALWAYS_SEARCH_USER_PATHS = NO;
				CLANG_ANALYZER_NONNULL = YES;
				CLANG_ANALYZER_NUMBER_OBJECT_CONVERSION = YES_AGGRESSIVE;
				CLANG_CXX_LANGUAGE_STANDARD = "gnu++14";
				CLANG_CXX_LIBRARY = "libc++";
				CLANG_ENABLE_MODULES = YES;
				CLANG_ENABLE_OBJC_ARC = YES;
				CLANG_ENABLE_OBJC_WEAK = YES;
				CLANG_WARN_BLOCK_CAPTURE_AUTORELEASING = YES;
				CLANG_WARN_BOOL_CONVERSION = YES;
				CLANG_WARN_COMMA = YES;
				CLANG_WARN_CONSTANT_CONVERSION = YES;
				CLANG_WARN_DEPRECATED_OBJC_IMPLEMENTATIONS = YES;
				CLANG_WARN_DIRECT_OBJC_ISA_USAGE = YES_ERROR;
				CLANG_WARN_DOCUMENTATION_COMMENTS = YES;
				CLANG_WARN_EMPTY_BODY = YES;
				CLANG_WARN_ENUM_CONVERSION = YES;
				CLANG_WARN_INFINITE_RECURSION = YES;
				CLANG_WARN_INT_CONVERSION = YES;
				CLANG_WARN_NON_LITERAL_NULL_CONVERSION = YES;
				CLANG_WARN_OBJC_IMPLICIT_RETAIN_SELF = YES;
				CLANG_WARN_OBJC_LITERAL_CONVERSION = YES;
				CLANG_WARN_OBJC_ROOT_CLASS = YES_ERROR;
				CLANG_WARN_QUOTED_INCLUDE_IN_FRAMEWORK_HEADER = YES;
				CLANG_WARN_RANGE_LOOP_ANALYSIS = YES;
				CLANG_WARN_STRICT_PROTOTYPES = YES;
				CLANG_WARN_SUSPICIOUS_MOVE = YES;
				CLANG_WARN_UNGUARDED_AVAILABILITY = YES_AGGRESSIVE;
				CLANG_WARN_UNREACHABLE_CODE = YES;
				CLANG_WARN__DUPLICATE_METHOD_MATCH = YES;
				COPY_PHASE_STRIP = NO;
				DEBUG_INFORMATION_FORMAT = "dwarf-with-dsym";
				ENABLE_NS_ASSERTIONS = NO;
				ENABLE_STRICT_OBJC_MSGSEND = YES;
				GCC_C_LANGUAGE_STANDARD = gnu11;
				GCC_NO_COMMON_BLOCKS = YES;
				GCC_WARN_64_TO_32_BIT_CONVERSION = YES;
				GCC_WARN_ABOUT_RETURN_TYPE = YES_ERROR;
				GCC_WARN_UNDECLARED_SELECTOR = YES;
				GCC_WARN_UNINITIALIZED_AUTOS = YES_AGGRESSIVE;
				GCC_WARN_UNUSED_FUNCTION = YES;
				GCC_WARN_UNUSED_VARIABLE = YES;
				IPHONEOS_DEPLOYMENT_TARGET = 14.5;
				MTL_ENABLE_DEBUG_INFO = NO;
				MTL_FAST_MATH = YES;
				SDKROOT = iphoneos;
				SWIFT_COMPILATION_MODE = wholemodule;
				SWIFT_OPTIMIZATION_LEVEL = "-O";
				VALIDATE_PRODUCT = YES;
			};
			name = Release;
		};
		C9DA136326F0AC8400D29CD9 /* Debug */ = {
			isa = XCBuildConfiguration;
			buildSettings = {
				ASSETCATALOG_COMPILER_APPICON_NAME = AppIcon;
				ASSETCATALOG_COMPILER_GLOBAL_ACCENT_COLOR_NAME = AccentColor;
				CODE_SIGN_STYLE = Automatic;
				INFOPLIST_FILE = Algorithms/Info.plist;
				LD_RUNPATH_SEARCH_PATHS = (
					"$(inherited)",
					"@executable_path/Frameworks",
				);
				PRODUCT_BUNDLE_IDENTIFIER = com.Algorithms;
				PRODUCT_NAME = "$(TARGET_NAME)";
				SWIFT_VERSION = 5.0;
				TARGETED_DEVICE_FAMILY = "1,2";
			};
			name = Debug;
		};
		C9DA136426F0AC8400D29CD9 /* Release */ = {
			isa = XCBuildConfiguration;
			buildSettings = {
				ASSETCATALOG_COMPILER_APPICON_NAME = AppIcon;
				ASSETCATALOG_COMPILER_GLOBAL_ACCENT_COLOR_NAME = AccentColor;
				CODE_SIGN_STYLE = Automatic;
				INFOPLIST_FILE = Algorithms/Info.plist;
				LD_RUNPATH_SEARCH_PATHS = (
					"$(inherited)",
					"@executable_path/Frameworks",
				);
				PRODUCT_BUNDLE_IDENTIFIER = com.Algorithms;
				PRODUCT_NAME = "$(TARGET_NAME)";
				SWIFT_VERSION = 5.0;
				TARGETED_DEVICE_FAMILY = "1,2";
			};
			name = Release;
		};
		C9DA136626F0AC8400D29CD9 /* Debug */ = {
			isa = XCBuildConfiguration;
			buildSettings = {
				ALWAYS_EMBED_SWIFT_STANDARD_LIBRARIES = YES;
				BUNDLE_LOADER = "$(TEST_HOST)";
				CODE_SIGN_STYLE = Automatic;
				INFOPLIST_FILE = AlgorithmsTests/Info.plist;
				IPHONEOS_DEPLOYMENT_TARGET = 14.5;
				LD_RUNPATH_SEARCH_PATHS = (
					"$(inherited)",
					"@executable_path/Frameworks",
					"@loader_path/Frameworks",
				);
				PRODUCT_BUNDLE_IDENTIFIER = com.AlgorithmsTests;
				PRODUCT_NAME = "$(TARGET_NAME)";
				SWIFT_VERSION = 5.0;
				TARGETED_DEVICE_FAMILY = "1,2";
				TEST_HOST = "$(BUILT_PRODUCTS_DIR)/Algorithms.app/Algorithms";
			};
			name = Debug;
		};
		C9DA136726F0AC8400D29CD9 /* Release */ = {
			isa = XCBuildConfiguration;
			buildSettings = {
				ALWAYS_EMBED_SWIFT_STANDARD_LIBRARIES = YES;
				BUNDLE_LOADER = "$(TEST_HOST)";
				CODE_SIGN_STYLE = Automatic;
				INFOPLIST_FILE = AlgorithmsTests/Info.plist;
				IPHONEOS_DEPLOYMENT_TARGET = 14.5;
				LD_RUNPATH_SEARCH_PATHS = (
					"$(inherited)",
					"@executable_path/Frameworks",
					"@loader_path/Frameworks",
				);
				PRODUCT_BUNDLE_IDENTIFIER = com.AlgorithmsTests;
				PRODUCT_NAME = "$(TARGET_NAME)";
				SWIFT_VERSION = 5.0;
				TARGETED_DEVICE_FAMILY = "1,2";
				TEST_HOST = "$(BUILT_PRODUCTS_DIR)/Algorithms.app/Algorithms";
			};
			name = Release;
		};
		C9DA136926F0AC8400D29CD9 /* Debug */ = {
			isa = XCBuildConfiguration;
			buildSettings = {
				ALWAYS_EMBED_SWIFT_STANDARD_LIBRARIES = YES;
				CODE_SIGN_STYLE = Automatic;
				INFOPLIST_FILE = AlgorithmsUITests/Info.plist;
				LD_RUNPATH_SEARCH_PATHS = (
					"$(inherited)",
					"@executable_path/Frameworks",
					"@loader_path/Frameworks",
				);
				PRODUCT_BUNDLE_IDENTIFIER = com.AlgorithmsUITests;
				PRODUCT_NAME = "$(TARGET_NAME)";
				SWIFT_VERSION = 5.0;
				TARGETED_DEVICE_FAMILY = "1,2";
				TEST_TARGET_NAME = Algorithms;
			};
			name = Debug;
		};
		C9DA136A26F0AC8400D29CD9 /* Release */ = {
			isa = XCBuildConfiguration;
			buildSettings = {
				ALWAYS_EMBED_SWIFT_STANDARD_LIBRARIES = YES;
				CODE_SIGN_STYLE = Automatic;
				INFOPLIST_FILE = AlgorithmsUITests/Info.plist;
				LD_RUNPATH_SEARCH_PATHS = (
					"$(inherited)",
					"@executable_path/Frameworks",
					"@loader_path/Frameworks",
				);
				PRODUCT_BUNDLE_IDENTIFIER = com.AlgorithmsUITests;
				PRODUCT_NAME = "$(TARGET_NAME)";
				SWIFT_VERSION = 5.0;
				TARGETED_DEVICE_FAMILY = "1,2";
				TEST_TARGET_NAME = Algorithms;
			};
			name = Release;
		};
/* End XCBuildConfiguration section */

/* Begin XCConfigurationList section */
		C9DA133326F0AC8100D29CD9 /* Build configuration list for PBXProject "Algorithms" */ = {
			isa = XCConfigurationList;
			buildConfigurations = (
				C9DA136026F0AC8400D29CD9 /* Debug */,
				C9DA136126F0AC8400D29CD9 /* Release */,
			);
			defaultConfigurationIsVisible = 0;
			defaultConfigurationName = Release;
		};
		C9DA136226F0AC8400D29CD9 /* Build configuration list for PBXNativeTarget "Algorithms" */ = {
			isa = XCConfigurationList;
			buildConfigurations = (
				C9DA136326F0AC8400D29CD9 /* Debug */,
				C9DA136426F0AC8400D29CD9 /* Release */,
			);
			defaultConfigurationIsVisible = 0;
			defaultConfigurationName = Release;
		};
		C9DA136526F0AC8400D29CD9 /* Build configuration list for PBXNativeTarget "AlgorithmsTests" */ = {
			isa = XCConfigurationList;
			buildConfigurations = (
				C9DA136626F0AC8400D29CD9 /* Debug */,
				C9DA136726F0AC8400D29CD9 /* Release */,
			);
			defaultConfigurationIsVisible = 0;
			defaultConfigurationName = Release;
		};
		C9DA136826F0AC8400D29CD9 /* Build configuration list for PBXNativeTarget "AlgorithmsUITests" */ = {
			isa = XCConfigurationList;
			buildConfigurations = (
				C9DA136926F0AC8400D29CD9 /* Debug */,
				C9DA136A26F0AC8400D29CD9 /* Release */,
			);
			defaultConfigurationIsVisible = 0;
			defaultConfigurationName = Release;
		};
/* End XCConfigurationList section */
	};
	rootObject = C9DA133026F0AC8100D29CD9 /* Project object */;
}
